
Microsoft Visual Studio Solution File, Format Version 12.00
# Visual Studio Version 17
VisualStudioVersion = 17.6.33829.357
MinimumVisualStudioVersion = 10.0.40219.1
Project("{FAE04EC0-301F-11D3-BF4B-00C04F79EFBC}") = "BankomatV3", "BankomatV3\BankomatV3.csproj", "{B1DF042D-A574-493E-AB58-DB258E414E8B}"
EndProject
Global
	GlobalSection(SolutionConfigurationPlatforms) = preSolution
		Debug|Any CPU = Debug|Any CPU
		Release|Any CPU = Release|Any CPU
	EndGlobalSection
	GlobalSection(ProjectConfigurationPlatforms) = postSolution
		{B1DF042D-A574-493E-AB58-DB258E414E8B}.Debug|Any CPU.ActiveCfg = Debug|Any CPU
		{B1DF042D-A574-493E-AB58-DB258E414E8B}.Debug|Any CPU.Build.0 = Debug|Any CPU
		{B1DF042D-A574-493E-AB58-DB258E414E8B}.Release|Any CPU.ActiveCfg = Release|Any CPU
		{B1DF042D-A574-493E-AB58-DB258E414E8B}.Release|Any CPU.Build.0 = Release|Any CPU
	EndGlobalSection
	GlobalSection(SolutionProperties) = preSolution
		HideSolutionNode = FALSE
	EndGlobalSection
	GlobalSection(ExtensibilityGlobals) = postSolution
		SolutionGuid = {A6479D39-B0A6-4889-A9B9-9069C8F1DD1B}
	EndGlobalSection
EndGlobal
